// !$*UTF8*$!
{
	archiveVersion = 1;
	classes = {
	};
	objectVersion = 56;
	objects = {

/* Begin PBXBuildFile section */
		3E954A3C2917FE5000F78FEA /* borgasApp.swift in Sources */ = {isa = PBXBuildFile; fileRef = 3E954A3B2917FE5000F78FEA /* borgasApp.swift */; };
		3E954A3E2917FE5000F78FEA /* ContentView.swift in Sources */ = {isa = PBXBuildFile; fileRef = 3E954A3D2917FE5000F78FEA /* ContentView.swift */; };
		3E954A402917FE5100F78FEA /* Assets.xcassets in Resources */ = {isa = PBXBuildFile; fileRef = 3E954A3F2917FE5100F78FEA /* Assets.xcassets */; };
		3E954A432917FE5100F78FEA /* Preview Assets.xcassets in Resources */ = {isa = PBXBuildFile; fileRef = 3E954A422917FE5100F78FEA /* Preview Assets.xcassets */; };
		3E954A452917FE5100F78FEA /* Persistence.swift in Sources */ = {isa = PBXBuildFile; fileRef = 3E954A442917FE5100F78FEA /* Persistence.swift */; };
		3E954A482917FE5100F78FEA /* borgas.xcdatamodeld in Sources */ = {isa = PBXBuildFile; fileRef = 3E954A462917FE5100F78FEA /* borgas.xcdatamodeld */; };
		3E954A532917FE5100F78FEA /* borgasTests.swift in Sources */ = {isa = PBXBuildFile; fileRef = 3E954A522917FE5100F78FEA /* borgasTests.swift */; };
		3E954A5D2917FE5100F78FEA /* borgasUITests.swift in Sources */ = {isa = PBXBuildFile; fileRef = 3E954A5C2917FE5100F78FEA /* borgasUITests.swift */; };
		3E954A5F2917FE5100F78FEA /* borgasUITestsLaunchTests.swift in Sources */ = {isa = PBXBuildFile; fileRef = 3E954A5E2917FE5100F78FEA /* borgasUITestsLaunchTests.swift */; };
/* End PBXBuildFile section */

/* Begin PBXContainerItemProxy section */
		3E954A4F2917FE5100F78FEA /* PBXContainerItemProxy */ = {
			isa = PBXContainerItemProxy;
			containerPortal = 3E954A302917FE5000F78FEA /* Project object */;
			proxyType = 1;
			remoteGlobalIDString = 3E954A372917FE5000F78FEA;
			remoteInfo = borgas;
		};
		3E954A592917FE5100F78FEA /* PBXContainerItemProxy */ = {
			isa = PBXContainerItemProxy;
			containerPortal = 3E954A302917FE5000F78FEA /* Project object */;
			proxyType = 1;
			remoteGlobalIDString = 3E954A372917FE5000F78FEA;
			remoteInfo = borgas;
		};
/* End PBXContainerItemProxy section */

/* Begin PBXFileReference section */
		3E954A382917FE5000F78FEA /* borgas.app */ = {isa = PBXFileReference; explicitFileType = wrapper.application; includeInIndex = 0; path = borgas.app; sourceTree = BUILT_PRODUCTS_DIR; };
		3E954A3B2917FE5000F78FEA /* borgasApp.swift */ = {isa = PBXFileReference; lastKnownFileType = sourcecode.swift; path = borgasApp.swift; sourceTree = "<group>"; };
		3E954A3D2917FE5000F78FEA /* ContentView.swift */ = {isa = PBXFileReference; lastKnownFileType = sourcecode.swift; path = ContentView.swift; sourceTree = "<group>"; };
		3E954A3F2917FE5100F78FEA /* Assets.xcassets */ = {isa = PBXFileReference; lastKnownFileType = folder.assetcatalog; path = Assets.xcassets; sourceTree = "<group>"; };
		3E954A422917FE5100F78FEA /* Preview Assets.xcassets */ = {isa = PBXFileReference; lastKnownFileType = folder.assetcatalog; path = "Preview Assets.xcassets"; sourceTree = "<group>"; };
		3E954A442917FE5100F78FEA /* Persistence.swift */ = {isa = PBXFileReference; lastKnownFileType = sourcecode.swift; path = Persistence.swift; sourceTree = "<group>"; };
		3E954A472917FE5100F78FEA /* borgas.xcdatamodel */ = {isa = PBXFileReference; lastKnownFileType = wrapper.xcdatamodel; path = borgas.xcdatamodel; sourceTree = "<group>"; };
		3E954A492917FE5100F78FEA /* borgas.entitlements */ = {isa = PBXFileReference; lastKnownFileType = text.plist.entitlements; path = borgas.entitlements; sourceTree = "<group>"; };
		3E954A4E2917FE5100F78FEA /* borgasTests.xctest */ = {isa = PBXFileReference; explicitFileType = wrapper.cfbundle; includeInIndex = 0; path = borgasTests.xctest; sourceTree = BUILT_PRODUCTS_DIR; };
		3E954A522917FE5100F78FEA /* borgasTests.swift */ = {isa = PBXFileReference; lastKnownFileType = sourcecode.swift; path = borgasTests.swift; sourceTree = "<group>"; };
		3E954A582917FE5100F78FEA /* borgasUITests.xctest */ = {isa = PBXFileReference; explicitFileType = wrapper.cfbundle; includeInIndex = 0; path = borgasUITests.xctest; sourceTree = BUILT_PRODUCTS_DIR; };
		3E954A5C2917FE5100F78FEA /* borgasUITests.swift */ = {isa = PBXFileReference; lastKnownFileType = sourcecode.swift; path = borgasUITests.swift; sourceTree = "<group>"; };
		3E954A5E2917FE5100F78FEA /* borgasUITestsLaunchTests.swift */ = {isa = PBXFileReference; lastKnownFileType = sourcecode.swift; path = borgasUITestsLaunchTests.swift; sourceTree = "<group>"; };
/* End PBXFileReference section */

/* Begin PBXFrameworksBuildPhase section */
		3E954A352917FE5000F78FEA /* Frameworks */ = {
			isa = PBXFrameworksBuildPhase;
			buildActionMask = 2147483647;
			files = (
			);
			runOnlyForDeploymentPostprocessing = 0;
		};
		3E954A4B2917FE5100F78FEA /* Frameworks */ = {
			isa = PBXFrameworksBuildPhase;
			buildActionMask = 2147483647;
			files = (
			);
			runOnlyForDeploymentPostprocessing = 0;
		};
		3E954A552917FE5100F78FEA /* Frameworks */ = {
			isa = PBXFrameworksBuildPhase;
			buildActionMask = 2147483647;
			files = (
			);
			runOnlyForDeploymentPostprocessing = 0;
		};
/* End PBXFrameworksBuildPhase section */

/* Begin PBXGroup section */
		3E954A2F2917FE5000F78FEA = {
			isa = PBXGroup;
			children = (
				3E954A3A2917FE5000F78FEA /* borgas */,
				3E954A512917FE5100F78FEA /* borgasTests */,
				3E954A5B2917FE5100F78FEA /* borgasUITests */,
				3E954A392917FE5000F78FEA /* Products */,
			);
			sourceTree = "<group>";
		};
		3E954A392917FE5000F78FEA /* Products */ = {
			isa = PBXGroup;
			children = (
				3E954A382917FE5000F78FEA /* borgas.app */,
				3E954A4E2917FE5100F78FEA /* borgasTests.xctest */,
				3E954A582917FE5100F78FEA /* borgasUITests.xctest */,
			);
			name = Products;
			sourceTree = "<group>";
		};
		3E954A3A2917FE5000F78FEA /* borgas */ = {
			isa = PBXGroup;
			children = (
				3E954A3B2917FE5000F78FEA /* borgasApp.swift */,
				3E954A3D2917FE5000F78FEA /* ContentView.swift */,
				3E954A3F2917FE5100F78FEA /* Assets.xcassets */,
				3E954A442917FE5100F78FEA /* Persistence.swift */,
				3E954A492917FE5100F78FEA /* borgas.entitlements */,
				3E954A462917FE5100F78FEA /* borgas.xcdatamodeld */,
				3E954A412917FE5100F78FEA /* Preview Content */,
			);
			path = borgas;
			sourceTree = "<group>";
		};
		3E954A412917FE5100F78FEA /* Preview Content */ = {
			isa = PBXGroup;
			children = (
				3E954A422917FE5100F78FEA /* Preview Assets.xcassets */,
			);
			path = "Preview Content";
			sourceTree = "<group>";
		};
		3E954A512917FE5100F78FEA /* borgasTests */ = {
			isa = PBXGroup;
			children = (
				3E954A522917FE5100F78FEA /* borgasTests.swift */,
			);
			path = borgasTests;
			sourceTree = "<group>";
		};
		3E954A5B2917FE5100F78FEA /* borgasUITests */ = {
			isa = PBXGroup;
			children = (
				3E954A5C2917FE5100F78FEA /* borgasUITests.swift */,
				3E954A5E2917FE5100F78FEA /* borgasUITestsLaunchTests.swift */,
			);
			path = borgasUITests;
			sourceTree = "<group>";
		};
/* End PBXGroup section */

/* Begin PBXNativeTarget section */
		3E954A372917FE5000F78FEA /* borgas */ = {
			isa = PBXNativeTarget;
			buildConfigurationList = 3E954A622917FE5100F78FEA /* Build configuration list for PBXNativeTarget "borgas" */;
			buildPhases = (
				3E954A342917FE5000F78FEA /* Sources */,
				3E954A352917FE5000F78FEA /* Frameworks */,
				3E954A362917FE5000F78FEA /* Resources */,
			);
			buildRules = (
			);
			dependencies = (
			);
			name = borgas;
			productName = borgas;
			productReference = 3E954A382917FE5000F78FEA /* borgas.app */;
			productType = "com.apple.product-type.application";
		};
		3E954A4D2917FE5100F78FEA /* borgasTests */ = {
			isa = PBXNativeTarget;
			buildConfigurationList = 3E954A652917FE5100F78FEA /* Build configuration list for PBXNativeTarget "borgasTests" */;
			buildPhases = (
				3E954A4A2917FE5100F78FEA /* Sources */,
				3E954A4B2917FE5100F78FEA /* Frameworks */,
				3E954A4C2917FE5100F78FEA /* Resources */,
			);
			buildRules = (
			);
			dependencies = (
				3E954A502917FE5100F78FEA /* PBXTargetDependency */,
			);
			name = borgasTests;
			productName = borgasTests;
			productReference = 3E954A4E2917FE5100F78FEA /* borgasTests.xctest */;
			productType = "com.apple.product-type.bundle.unit-test";
		};
		3E954A572917FE5100F78FEA /* borgasUITests */ = {
			isa = PBXNativeTarget;
			buildConfigurationList = 3E954A682917FE5100F78FEA /* Build configuration list for PBXNativeTarget "borgasUITests" */;
			buildPhases = (
				3E954A542917FE5100F78FEA /* Sources */,
				3E954A552917FE5100F78FEA /* Frameworks */,
				3E954A562917FE5100F78FEA /* Resources */,
			);
			buildRules = (
			);
			dependencies = (
				3E954A5A2917FE5100F78FEA /* PBXTargetDependency */,
			);
			name = borgasUITests;
			productName = borgasUITests;
			productReference = 3E954A582917FE5100F78FEA /* borgasUITests.xctest */;
			productType = "com.apple.product-type.bundle.ui-testing";
		};
/* End PBXNativeTarget section */

/* Begin PBXProject section */
		3E954A302917FE5000F78FEA /* Project object */ = {
			isa = PBXProject;
			attributes = {
				BuildIndependentTargetsInParallel = 1;
				LastSwiftUpdateCheck = 1410;
				LastUpgradeCheck = 1410;
				TargetAttributes = {
					3E954A372917FE5000F78FEA = {
						CreatedOnToolsVersion = 14.1;
					};
					3E954A4D2917FE5100F78FEA = {
						CreatedOnToolsVersion = 14.1;
						TestTargetID = 3E954A372917FE5000F78FEA;
					};
					3E954A572917FE5100F78FEA = {
						CreatedOnToolsVersion = 14.1;
						TestTargetID = 3E954A372917FE5000F78FEA;
					};
				};
			};
			buildConfigurationList = 3E954A332917FE5000F78FEA /* Build configuration list for PBXProject "borgas" */;
			compatibilityVersion = "Xcode 14.0";
			developmentRegion = en;
			hasScannedForEncodings = 0;
			knownRegions = (
				en,
				Base,
			);
			mainGroup = 3E954A2F2917FE5000F78FEA;
			productRefGroup = 3E954A392917FE5000F78FEA /* Products */;
			projectDirPath = "";
			projectRoot = "";
			targets = (
				3E954A372917FE5000F78FEA /* borgas */,
				3E954A4D2917FE5100F78FEA /* borgasTests */,
				3E954A572917FE5100F78FEA /* borgasUITests */,
			);
		};
/* End PBXProject section */

/* Begin PBXResourcesBuildPhase section */
		3E954A362917FE5000F78FEA /* Resources */ = {
			isa = PBXResourcesBuildPhase;
			buildActionMask = 2147483647;
			files = (
				3E954A432917FE5100F78FEA /* Preview Assets.xcassets in Resources */,
				3E954A402917FE5100F78FEA /* Assets.xcassets in Resources */,
			);
			runOnlyForDeploymentPostprocessing = 0;
		};
		3E954A4C2917FE5100F78FEA /* Resources */ = {
			isa = PBXResourcesBuildPhase;
			buildActionMask = 2147483647;
			files = (
			);
			runOnlyForDeploymentPostprocessing = 0;
		};
		3E954A562917FE5100F78FEA /* Resources */ = {
			isa = PBXResourcesBuildPhase;
			buildActionMask = 2147483647;
			files = (
			);
			runOnlyForDeploymentPostprocessing = 0;
		};
/* End PBXResourcesBuildPhase section */

/* Begin PBXSourcesBuildPhase section */
		3E954A342917FE5000F78FEA /* Sources */ = {
			isa = PBXSourcesBuildPhase;
			buildActionMask = 2147483647;
			files = (
				3E954A452917FE5100F78FEA /* Persistence.swift in Sources */,
				3E954A482917FE5100F78FEA /* borgas.xcdatamodeld in Sources */,
				3E954A3E2917FE5000F78FEA /* ContentView.swift in Sources */,
				3E954A3C2917FE5000F78FEA /* borgasApp.swift in Sources */,
			);
			runOnlyForDeploymentPostprocessing = 0;
		};
		3E954A4A2917FE5100F78FEA /* Sources */ = {
			isa = PBXSourcesBuildPhase;
			buildActionMask = 2147483647;
			files = (
				3E954A532917FE5100F78FEA /* borgasTests.swift in Sources */,
			);
			runOnlyForDeploymentPostprocessing = 0;
		};
		3E954A542917FE5100F78FEA /* Sources */ = {
			isa = PBXSourcesBuildPhase;
			buildActionMask = 2147483647;
			files = (
				3E954A5F2917FE5100F78FEA /* borgasUITestsLaunchTests.swift in Sources */,
				3E954A5D2917FE5100F78FEA /* borgasUITests.swift in Sources */,
			);
			runOnlyForDeploymentPostprocessing = 0;
		};
/* End PBXSourcesBuildPhase section */

/* Begin PBXTargetDependency section */
		3E954A502917FE5100F78FEA /* PBXTargetDependency */ = {
			isa = PBXTargetDependency;
			target = 3E954A372917FE5000F78FEA /* borgas */;
			targetProxy = 3E954A4F2917FE5100F78FEA /* PBXContainerItemProxy */;
		};
		3E954A5A2917FE5100F78FEA /* PBXTargetDependency */ = {
			isa = PBXTargetDependency;
			target = 3E954A372917FE5000F78FEA /* borgas */;
			targetProxy = 3E954A592917FE5100F78FEA /* PBXContainerItemProxy */;
		};
/* End PBXTargetDependency section */

/* Begin XCBuildConfiguration section */
		3E954A602917FE5100F78FEA /* Debug */ = {
			isa = XCBuildConfiguration;
			buildSettings = {
				ALWAYS_SEARCH_USER_PATHS = NO;
				CLANG_ANALYZER_NONNULL = YES;
				CLANG_ANALYZER_NUMBER_OBJECT_CONVERSION = YES_AGGRESSIVE;
				CLANG_CXX_LANGUAGE_STANDARD = "gnu++20";
				CLANG_ENABLE_MODULES = YES;
				CLANG_ENABLE_OBJC_ARC = YES;
				CLANG_ENABLE_OBJC_WEAK = YES;
				CLANG_WARN_BLOCK_CAPTURE_AUTORELEASING = YES;
				CLANG_WARN_BOOL_CONVERSION = YES;
				CLANG_WARN_COMMA = YES;
				CLANG_WARN_CONSTANT_CONVERSION = YES;
				CLANG_WARN_DEPRECATED_OBJC_IMPLEMENTATIONS = YES;
				CLANG_WARN_DIRECT_OBJC_ISA_USAGE = YES_ERROR;
				CLANG_WARN_DOCUMENTATION_COMMENTS = YES;
				CLANG_WARN_EMPTY_BODY = YES;
				CLANG_WARN_ENUM_CONVERSION = YES;
				CLANG_WARN_INFINITE_RECURSION = YES;
				CLANG_WARN_INT_CONVERSION = YES;
				CLANG_WARN_NON_LITERAL_NULL_CONVERSION = YES;
				CLANG_WARN_OBJC_IMPLICIT_RETAIN_SELF = YES;
				CLANG_WARN_OBJC_LITERAL_CONVERSION = YES;
				CLANG_WARN_OBJC_ROOT_CLASS = YES_ERROR;
				CLANG_WARN_QUOTED_INCLUDE_IN_FRAMEWORK_HEADER = YES;
				CLANG_WARN_RANGE_LOOP_ANALYSIS = YES;
				CLANG_WARN_STRICT_PROTOTYPES = YES;
				CLANG_WARN_SUSPICIOUS_MOVE = YES;
				CLANG_WARN_UNGUARDED_AVAILABILITY = YES_AGGRESSIVE;
				CLANG_WARN_UNREACHABLE_CODE = YES;
				CLANG_WARN__DUPLICATE_METHOD_MATCH = YES;
				COPY_PHASE_STRIP = NO;
				DEBUG_INFORMATION_FORMAT = dwarf;
				ENABLE_STRICT_OBJC_MSGSEND = YES;
				ENABLE_TESTABILITY = YES;
				GCC_C_LANGUAGE_STANDARD = gnu11;
				GCC_DYNAMIC_NO_PIC = NO;
				GCC_NO_COMMON_BLOCKS = YES;
				GCC_OPTIMIZATION_LEVEL = 0;
				GCC_PREPROCESSOR_DEFINITIONS = (
					"DEBUG=1",
					"$(inherited)",
				);
				GCC_WARN_64_TO_32_BIT_CONVERSION = YES;
				GCC_WARN_ABOUT_RETURN_TYPE = YES_ERROR;
				GCC_WARN_UNDECLARED_SELECTOR = YES;
				GCC_WARN_UNINITIALIZED_AUTOS = YES_AGGRESSIVE;
				GCC_WARN_UNUSED_FUNCTION = YES;
				GCC_WARN_UNUSED_VARIABLE = YES;
				MACOSX_DEPLOYMENT_TARGET = 13.0;
				MTL_ENABLE_DEBUG_INFO = INCLUDE_SOURCE;
				MTL_FAST_MATH = YES;
				ONLY_ACTIVE_ARCH = YES;
				SDKROOT = macosx;
				SWIFT_ACTIVE_COMPILATION_CONDITIONS = DEBUG;
				SWIFT_OPTIMIZATION_LEVEL = "-Onone";
			};
			name = Debug;
		};
		3E954A612917FE5100F78FEA /* Release */ = {
			isa = XCBuildConfiguration;
			buildSettings = {
				ALWAYS_SEARCH_USER_PATHS = NO;
				CLANG_ANALYZER_NONNULL = YES;
				CLANG_ANALYZER_NUMBER_OBJECT_CONVERSION = YES_AGGRESSIVE;
				CLANG_CXX_LANGUAGE_STANDARD = "gnu++20";
				CLANG_ENABLE_MODULES = YES;
				CLANG_ENABLE_OBJC_ARC = YES;
				CLANG_ENABLE_OBJC_WEAK = YES;
				CLANG_WARN_BLOCK_CAPTURE_AUTORELEASING = YES;
				CLANG_WARN_BOOL_CONVERSION = YES;
				CLANG_WARN_COMMA = YES;
				CLANG_WARN_CONSTANT_CONVERSION = YES;
				CLANG_WARN_DEPRECATED_OBJC_IMPLEMENTATIONS = YES;
				CLANG_WARN_DIRECT_OBJC_ISA_USAGE = YES_ERROR;
				CLANG_WARN_DOCUMENTATION_COMMENTS = YES;
				CLANG_WARN_EMPTY_BODY = YES;
				CLANG_WARN_ENUM_CONVERSION = YES;
				CLANG_WARN_INFINITE_RECURSION = YES;
				CLANG_WARN_INT_CONVERSION = YES;
				CLANG_WARN_NON_LITERAL_NULL_CONVERSION = YES;
				CLANG_WARN_OBJC_IMPLICIT_RETAIN_SELF = YES;
				CLANG_WARN_OBJC_LITERAL_CONVERSION = YES;
				CLANG_WARN_OBJC_ROOT_CLASS = YES_ERROR;
				CLANG_WARN_QUOTED_INCLUDE_IN_FRAMEWORK_HEADER = YES;
				CLANG_WARN_RANGE_LOOP_ANALYSIS = YES;
				CLANG_WARN_STRICT_PROTOTYPES = YES;
				CLANG_WARN_SUSPICIOUS_MOVE = YES;
				CLANG_WARN_UNGUARDED_AVAILABILITY = YES_AGGRESSIVE;
				CLANG_WARN_UNREACHABLE_CODE = YES;
				CLANG_WARN__DUPLICATE_METHOD_MATCH = YES;
				COPY_PHASE_STRIP = NO;
				DEBUG_INFORMATION_FORMAT = "dwarf-with-dsym";
				ENABLE_NS_ASSERTIONS = NO;
				ENABLE_STRICT_OBJC_MSGSEND = YES;
				GCC_C_LANGUAGE_STANDARD = gnu11;
				GCC_NO_COMMON_BLOCKS = YES;
				GCC_WARN_64_TO_32_BIT_CONVERSION = YES;
				GCC_WARN_ABOUT_RETURN_TYPE = YES_ERROR;
				GCC_WARN_UNDECLARED_SELECTOR = YES;
				GCC_WARN_UNINITIALIZED_AUTOS = YES_AGGRESSIVE;
				GCC_WARN_UNUSED_FUNCTION = YES;
				GCC_WARN_UNUSED_VARIABLE = YES;
				MACOSX_DEPLOYMENT_TARGET = 13.0;
				MTL_ENABLE_DEBUG_INFO = NO;
				MTL_FAST_MATH = YES;
				SDKROOT = macosx;
				SWIFT_COMPILATION_MODE = wholemodule;
				SWIFT_OPTIMIZATION_LEVEL = "-O";
			};
			name = Release;
		};
		3E954A632917FE5100F78FEA /* Debug */ = {
			isa = XCBuildConfiguration;
			buildSettings = {
				ASSETCATALOG_COMPILER_APPICON_NAME = AppIcon;
				ASSETCATALOG_COMPILER_GLOBAL_ACCENT_COLOR_NAME = AccentColor;
				CODE_SIGN_ENTITLEMENTS = borgas/borgas.entitlements;
				CODE_SIGN_STYLE = Automatic;
				COMBINE_HIDPI_IMAGES = YES;
				CURRENT_PROJECT_VERSION = 1;
				DEVELOPMENT_ASSET_PATHS = "\"borgas/Preview Content\"";
				ENABLE_PREVIEWS = YES;
				GENERATE_INFOPLIST_FILE = YES;
				INFOPLIST_KEY_NSHumanReadableCopyright = "";
				LD_RUNPATH_SEARCH_PATHS = (
					"$(inherited)",
					"@executable_path/../Frameworks",
				);
				MARKETING_VERSION = 1.0;
				PRODUCT_BUNDLE_IDENTIFIER = com.salkabay.borgas;
				PRODUCT_NAME = "$(TARGET_NAME)";
				SUPPORTED_PLATFORMS = macosx;
				SUPPORTS_MACCATALYST = NO;
				SUPPORTS_MAC_DESIGNED_FOR_IPHONE_IPAD = NO;
				SWIFT_EMIT_LOC_STRINGS = YES;
				SWIFT_VERSION = 5.0;
			};
			name = Debug;
		};
		3E954A642917FE5100F78FEA /* Release */ = {
			isa = XCBuildConfiguration;
			buildSettings = {
				ASSETCATALOG_COMPILER_APPICON_NAME = AppIcon;
				ASSETCATALOG_COMPILER_GLOBAL_ACCENT_COLOR_NAME = AccentColor;
				CODE_SIGN_ENTITLEMENTS = borgas/borgas.entitlements;
				CODE_SIGN_STYLE = Automatic;
				COMBINE_HIDPI_IMAGES = YES;
				CURRENT_PROJECT_VERSION = 1;
				DEVELOPMENT_ASSET_PATHS = "\"borgas/Preview Content\"";
				ENABLE_PREVIEWS = YES;
				GENERATE_INFOPLIST_FILE = YES;
				INFOPLIST_KEY_NSHumanReadableCopyright = "";
				LD_RUNPATH_SEARCH_PATHS = (
					"$(inherited)",
					"@executable_path/../Frameworks",
				);
				MARKETING_VERSION = 1.0;
				PRODUCT_BUNDLE_IDENTIFIER = com.salkabay.borgas;
				PRODUCT_NAME = "$(TARGET_NAME)";
				SUPPORTED_PLATFORMS = macosx;
				SUPPORTS_MACCATALYST = NO;
				SUPPORTS_MAC_DESIGNED_FOR_IPHONE_IPAD = NO;
				SWIFT_EMIT_LOC_STRINGS = YES;
				SWIFT_VERSION = 5.0;
			};
			name = Release;
		};
		3E954A662917FE5100F78FEA /* Debug */ = {
			isa = XCBuildConfiguration;
			buildSettings = {
				ALWAYS_EMBED_SWIFT_STANDARD_LIBRARIES = YES;
				BUNDLE_LOADER = "$(TEST_HOST)";
				CODE_SIGN_STYLE = Automatic;
				CURRENT_PROJECT_VERSION = 1;
				GENERATE_INFOPLIST_FILE = YES;
				MACOSX_DEPLOYMENT_TARGET = 13.0;
				MARKETING_VERSION = 1.0;
				PRODUCT_BUNDLE_IDENTIFIER = com.salkabay.borgasTests;
				PRODUCT_NAME = "$(TARGET_NAME)";
				SWIFT_EMIT_LOC_STRINGS = NO;
				SWIFT_VERSION = 5.0;
				TEST_HOST = "$(BUILT_PRODUCTS_DIR)/borgas.app/$(BUNDLE_EXECUTABLE_FOLDER_PATH)/borgas";
			};
			name = Debug;
		};
		3E954A672917FE5100F78FEA /* Release */ = {
			isa = XCBuildConfiguration;
			buildSettings = {
				ALWAYS_EMBED_SWIFT_STANDARD_LIBRARIES = YES;
				BUNDLE_LOADER = "$(TEST_HOST)";
				CODE_SIGN_STYLE = Automatic;
				CURRENT_PROJECT_VERSION = 1;
				GENERATE_INFOPLIST_FILE = YES;
				MACOSX_DEPLOYMENT_TARGET = 13.0;
				MARKETING_VERSION = 1.0;
				PRODUCT_BUNDLE_IDENTIFIER = com.salkabay.borgasTests;
				PRODUCT_NAME = "$(TARGET_NAME)";
				SWIFT_EMIT_LOC_STRINGS = NO;
				SWIFT_VERSION = 5.0;
				TEST_HOST = "$(BUILT_PRODUCTS_DIR)/borgas.app/$(BUNDLE_EXECUTABLE_FOLDER_PATH)/borgas";
			};
			name = Release;
		};
		3E954A692917FE5100F78FEA /* Debug */ = {
			isa = XCBuildConfiguration;
			buildSettings = {
				ALWAYS_EMBED_SWIFT_STANDARD_LIBRARIES = YES;
				CODE_SIGN_STYLE = Automatic;
				CURRENT_PROJECT_VERSION = 1;
				GENERATE_INFOPLIST_FILE = YES;
				MARKETING_VERSION = 1.0;
				PRODUCT_BUNDLE_IDENTIFIER = com.salkabay.borgasUITests;
				PRODUCT_NAME = "$(TARGET_NAME)";
				SWIFT_EMIT_LOC_STRINGS = NO;
				SWIFT_VERSION = 5.0;
				TEST_TARGET_NAME = borgas;
			};
			name = Debug;
		};
		3E954A6A2917FE5100F78FEA /* Release */ = {
			isa = XCBuildConfiguration;
			buildSettings = {
				ALWAYS_EMBED_SWIFT_STANDARD_LIBRARIES = YES;
				CODE_SIGN_STYLE = Automatic;
				CURRENT_PROJECT_VERSION = 1;
				GENERATE_INFOPLIST_FILE = YES;
				MARKETING_VERSION = 1.0;
				PRODUCT_BUNDLE_IDENTIFIER = com.salkabay.borgasUITests;
				PRODUCT_NAME = "$(TARGET_NAME)";
				SWIFT_EMIT_LOC_STRINGS = NO;
				SWIFT_VERSION = 5.0;
				TEST_TARGET_NAME = borgas;
			};
			name = Release;
		};
/* End XCBuildConfiguration section */

/* Begin XCConfigurationList section */
		3E954A332917FE5000F78FEA /* Build configuration list for PBXProject "borgas" */ = {
			isa = XCConfigurationList;
			buildConfigurations = (
				3E954A602917FE5100F78FEA /* Debug */,
				3E954A612917FE5100F78FEA /* Release */,
			);
			defaultConfigurationIsVisible = 0;
			defaultConfigurationName = Release;
		};
		3E954A622917FE5100F78FEA /* Build configuration list for PBXNativeTarget "borgas" */ = {
			isa = XCConfigurationList;
			buildConfigurations = (
				3E954A632917FE5100F78FEA /* Debug */,
				3E954A642917FE5100F78FEA /* Release */,
			);
			defaultConfigurationIsVisible = 0;
			defaultConfigurationName = Release;
		};
		3E954A652917FE5100F78FEA /* Build configuration list for PBXNativeTarget "borgasTests" */ = {
			isa = XCConfigurationList;
			buildConfigurations = (
				3E954A662917FE5100F78FEA /* Debug */,
				3E954A672917FE5100F78FEA /* Release */,
			);
			defaultConfigurationIsVisible = 0;
			defaultConfigurationName = Release;
		};
		3E954A682917FE5100F78FEA /* Build configuration list for PBXNativeTarget "borgasUITests" */ = {
			isa = XCConfigurationList;
			buildConfigurations = (
				3E954A692917FE5100F78FEA /* Debug */,
				3E954A6A2917FE5100F78FEA /* Release */,
			);
			defaultConfigurationIsVisible = 0;
			defaultConfigurationName = Release;
		};
/* End XCConfigurationList section */

/* Begin XCVersionGroup section */
		3E954A462917FE5100F78FEA /* borgas.xcdatamodeld */ = {
			isa = XCVersionGroup;
			children = (
				3E954A472917FE5100F78FEA /* borgas.xcdatamodel */,
			);
			currentVersion = 3E954A472917FE5100F78FEA /* borgas.xcdatamodel */;
			path = borgas.xcdatamodeld;
			sourceTree = "<group>";
			versionGroupType = wrapper.xcdatamodel;
		};
/* End XCVersionGroup section */
	};
	rootObject = 3E954A302917FE5000F78FEA /* Project object */;
}
